
Microsoft Visual Studio Solution File, Format Version 12.00
# Visual Studio Version 16
VisualStudioVersion = 16.0.31313.79
MinimumVisualStudioVersion = 10.0.40219.1
Project("{9A19103F-16F7-4668-BE54-9A1E7A4F7556}") = "JakubSzpakLab6 - DateIdeaAPIs", "JakubSzpakLab6 - DateIdeaAPIs.csproj", "{37473BEF-B4C9-453C-AE41-3C7012B40D93}"
EndProject
Global
	GlobalSection(SolutionConfigurationPlatforms) = preSolution
		Debug|Any CPU = Debug|Any CPU
		Release|Any CPU = Release|Any CPU
	EndGlobalSection
	GlobalSection(ProjectConfigurationPlatforms) = postSolution
		{37473BEF-B4C9-453C-AE41-3C7012B40D93}.Debug|Any CPU.ActiveCfg = Debug|Any CPU
		{37473BEF-B4C9-453C-AE41-3C7012B40D93}.Debug|Any CPU.Build.0 = Debug|Any CPU
		{37473BEF-B4C9-453C-AE41-3C7012B40D93}.Release|Any CPU.ActiveCfg = Release|Any CPU
		{37473BEF-B4C9-453C-AE41-3C7012B40D93}.Release|Any CPU.Build.0 = Release|Any CPU
	EndGlobalSection
	GlobalSection(SolutionProperties) = preSolution
		HideSolutionNode = FALSE
	EndGlobalSection
	GlobalSection(ExtensibilityGlobals) = postSolution
		SolutionGuid = {65F117C9-BBC2-4F3C-A005-8BCEA51AE297}
	EndGlobalSection
EndGlobal
